
Microsoft Visual Studio Solution File, Format Version 12.00
# Visual Studio 15
VisualStudioVersion = 15.0.28307.489
MinimumVisualStudioVersion = 10.0.40219.1
Project("{9A19103F-16F7-4668-BE54-9A1E7A4F7556}") = "NovelWeb", "NovelWeb\NovelWeb.csproj", "{8D5980B8-7477-436F-A23A-A97528F7EC7D}"
EndProject
Project("{9A19103F-16F7-4668-BE54-9A1E7A4F7556}") = "Model", "Model\Model.csproj", "{EE5A9AF8-9967-4802-8FF8-5DD44AB07893}"
EndProject
Project("{FAE04EC0-301F-11D3-BF4B-00C04F79EFBC}") = "Common", "Common\Common.csproj", "{6DE0D715-EDCF-4981-958F-BA416F7F7624}"
EndProject
Global
	GlobalSection(SolutionConfigurationPlatforms) = preSolution
		Debug|Any CPU = Debug|Any CPU
		Release|Any CPU = Release|Any CPU
	EndGlobalSection
	GlobalSection(ProjectConfigurationPlatforms) = postSolution
		{8D5980B8-7477-436F-A23A-A97528F7EC7D}.Debug|Any CPU.ActiveCfg = Debug|Any CPU
		{8D5980B8-7477-436F-A23A-A97528F7EC7D}.Debug|Any CPU.Build.0 = Debug|Any CPU
		{8D5980B8-7477-436F-A23A-A97528F7EC7D}.Release|Any CPU.ActiveCfg = Release|Any CPU
		{8D5980B8-7477-436F-A23A-A97528F7EC7D}.Release|Any CPU.Build.0 = Release|Any CPU
		{EE5A9AF8-9967-4802-8FF8-5DD44AB07893}.Debug|Any CPU.ActiveCfg = Debug|Any CPU
		{EE5A9AF8-9967-4802-8FF8-5DD44AB07893}.Debug|Any CPU.Build.0 = Debug|Any CPU
		{EE5A9AF8-9967-4802-8FF8-5DD44AB07893}.Release|Any CPU.ActiveCfg = Release|Any CPU
		{EE5A9AF8-9967-4802-8FF8-5DD44AB07893}.Release|Any CPU.Build.0 = Release|Any CPU
		{6DE0D715-EDCF-4981-958F-BA416F7F7624}.Debug|Any CPU.ActiveCfg = Debug|Any CPU
		{6DE0D715-EDCF-4981-958F-BA416F7F7624}.Debug|Any CPU.Build.0 = Debug|Any CPU
		{6DE0D715-EDCF-4981-958F-BA416F7F7624}.Release|Any CPU.ActiveCfg = Release|Any CPU
		{6DE0D715-EDCF-4981-958F-BA416F7F7624}.Release|Any CPU.Build.0 = Release|Any CPU
	EndGlobalSection
	GlobalSection(SolutionProperties) = preSolution
		HideSolutionNode = FALSE
	EndGlobalSection
	GlobalSection(ExtensibilityGlobals) = postSolution
		SolutionGuid = {04382F1B-A22B-4504-A615-6CAC5E74A6AA}
	EndGlobalSection
EndGlobal
